
Microsoft Visual Studio Solution File, Format Version 12.00
# Visual Studio Version 17
VisualStudioVersion = 17.9.34616.47
MinimumVisualStudioVersion = 10.0.40219.1
Project("{8BC9CEB8-8B4A-11D0-8D11-00A0C91BC942}") = "Liste_dublu_inlantuite", "Liste_dublu_inlantuite\Liste_dublu_inlantuite.vcxproj", "{CEDE16B4-26E8-4292-8B85-0A6CA036FE61}"
EndProject
Global
	GlobalSection(SolutionConfigurationPlatforms) = preSolution
		Debug|x64 = Debug|x64
		Debug|x86 = Debug|x86
		Release|x64 = Release|x64
		Release|x86 = Release|x86
	EndGlobalSection
	GlobalSection(ProjectConfigurationPlatforms) = postSolution
		{CEDE16B4-26E8-4292-8B85-0A6CA036FE61}.Debug|x64.ActiveCfg = Debug|x64
		{CEDE16B4-26E8-4292-8B85-0A6CA036FE61}.Debug|x64.Build.0 = Debug|x64
		{CEDE16B4-26E8-4292-8B85-0A6CA036FE61}.Debug|x86.ActiveCfg = Debug|Win32
		{CEDE16B4-26E8-4292-8B85-0A6CA036FE61}.Debug|x86.Build.0 = Debug|Win32
		{CEDE16B4-26E8-4292-8B85-0A6CA036FE61}.Release|x64.ActiveCfg = Release|x64
		{CEDE16B4-26E8-4292-8B85-0A6CA036FE61}.Release|x64.Build.0 = Release|x64
		{CEDE16B4-26E8-4292-8B85-0A6CA036FE61}.Release|x86.ActiveCfg = Release|Win32
		{CEDE16B4-26E8-4292-8B85-0A6CA036FE61}.Release|x86.Build.0 = Release|Win32
	EndGlobalSection
	GlobalSection(SolutionProperties) = preSolution
		HideSolutionNode = FALSE
	EndGlobalSection
	GlobalSection(ExtensibilityGlobals) = postSolution
		SolutionGuid = {CEFA051D-D70D-4713-B5A8-D8C646A0D89E}
	EndGlobalSection
EndGlobal
